// !$*UTF8*$!
{
	archiveVersion = 1;
	classes = {
	};
	objectVersion = 46;
	objects = {

/* Begin PBXBuildFile section */
		DA3C3A571B7EA7770014C748 /* AppDelegate.swift in Sources */ = {isa = PBXBuildFile; fileRef = DA3C3A561B7EA7770014C748 /* AppDelegate.swift */; };
		DA3C3A591B7EA7770014C748 /* ViewController.swift in Sources */ = {isa = PBXBuildFile; fileRef = DA3C3A581B7EA7770014C748 /* ViewController.swift */; };
		DA3C3A5C1B7EA7770014C748 /* Main.storyboard in Resources */ = {isa = PBXBuildFile; fileRef = DA3C3A5A1B7EA7770014C748 /* Main.storyboard */; };
		DA3C3A5E1B7EA7770014C748 /* Images.xcassets in Resources */ = {isa = PBXBuildFile; fileRef = DA3C3A5D1B7EA7770014C748 /* Images.xcassets */; };
		DA3C3A611B7EA7770014C748 /* LaunchScreen.xib in Resources */ = {isa = PBXBuildFile; fileRef = DA3C3A5F1B7EA7770014C748 /* LaunchScreen.xib */; };
		DAB15DAA1B7F0617009BE8EA /* Classes.swift in Sources */ = {isa = PBXBuildFile; fileRef = DAB15DA91B7F0617009BE8EA /* Classes.swift */; };
		DAB15DAC1B7F1123009BE8EA /* Utilities.swift in Sources */ = {isa = PBXBuildFile; fileRef = DAB15DAB1B7F1123009BE8EA /* Utilities.swift */; };
		DAB15DAF1B7F1D8E009BE8EA /* Config.txt in Resources */ = {isa = PBXBuildFile; fileRef = DAB15DAD1B7F1D8E009BE8EA /* Config.txt */; };
		DACEDE621B7F4D7000DB537E /* MapViewController.swift in Sources */ = {isa = PBXBuildFile; fileRef = DACEDE611B7F4D7000DB537E /* MapViewController.swift */; };
		DACEDE641B7FD5D500DB537E /* expo-mapS.png in Resources */ = {isa = PBXBuildFile; fileRef = DACEDE631B7FD5D500DB537E /* expo-mapS.png */; };
/* End PBXBuildFile section */

/* Begin PBXFileReference section */
		DA3C3A511B7EA7770014C748 /* ExpoMap.app */ = {isa = PBXFileReference; explicitFileType = wrapper.application; includeInIndex = 0; path = ExpoMap.app; sourceTree = BUILT_PRODUCTS_DIR; };
		DA3C3A551B7EA7770014C748 /* Info.plist */ = {isa = PBXFileReference; lastKnownFileType = text.plist.xml; path = Info.plist; sourceTree = "<group>"; };
		DA3C3A561B7EA7770014C748 /* AppDelegate.swift */ = {isa = PBXFileReference; lastKnownFileType = sourcecode.swift; path = AppDelegate.swift; sourceTree = "<group>"; };
		DA3C3A581B7EA7770014C748 /* ViewController.swift */ = {isa = PBXFileReference; lastKnownFileType = sourcecode.swift; path = ViewController.swift; sourceTree = "<group>"; };
		DA3C3A5B1B7EA7770014C748 /* Base */ = {isa = PBXFileReference; lastKnownFileType = file.storyboard; name = Base; path = Base.lproj/Main.storyboard; sourceTree = "<group>"; };
		DA3C3A5D1B7EA7770014C748 /* Images.xcassets */ = {isa = PBXFileReference; lastKnownFileType = folder.assetcatalog; path = Images.xcassets; sourceTree = "<group>"; };
		DA3C3A601B7EA7770014C748 /* Base */ = {isa = PBXFileReference; lastKnownFileType = file.xib; name = Base; path = Base.lproj/LaunchScreen.xib; sourceTree = "<group>"; };
		DAB15DA91B7F0617009BE8EA /* Classes.swift */ = {isa = PBXFileReference; fileEncoding = 4; lastKnownFileType = sourcecode.swift; path = Classes.swift; sourceTree = "<group>"; };
		DAB15DAB1B7F1123009BE8EA /* Utilities.swift */ = {isa = PBXFileReference; fileEncoding = 4; lastKnownFileType = sourcecode.swift; path = Utilities.swift; sourceTree = "<group>"; };
		DAB15DAD1B7F1D8E009BE8EA /* Config.txt */ = {isa = PBXFileReference; fileEncoding = 4; lastKnownFileType = text; path = Config.txt; sourceTree = "<group>"; };
		DACEDE611B7F4D7000DB537E /* MapViewController.swift */ = {isa = PBXFileReference; fileEncoding = 4; lastKnownFileType = sourcecode.swift; path = MapViewController.swift; sourceTree = "<group>"; };
		DACEDE631B7FD5D500DB537E /* expo-mapS.png */ = {isa = PBXFileReference; lastKnownFileType = image.png; path = "expo-mapS.png"; sourceTree = "<group>"; };
/* End PBXFileReference section */

/* Begin PBXFrameworksBuildPhase section */
		DA3C3A4E1B7EA7770014C748 /* Frameworks */ = {
			isa = PBXFrameworksBuildPhase;
			buildActionMask = 2147483647;
			files = (
			);
			runOnlyForDeploymentPostprocessing = 0;
		};
/* End PBXFrameworksBuildPhase section */

/* Begin PBXGroup section */
		DA3C3A481B7EA7770014C748 = {
			isa = PBXGroup;
			children = (
				DA3C3A531B7EA7770014C748 /* ExpoMap */,
				DA3C3A521B7EA7770014C748 /* Products */,
			);
			sourceTree = "<group>";
		};
		DA3C3A521B7EA7770014C748 /* Products */ = {
			isa = PBXGroup;
			children = (
				DA3C3A511B7EA7770014C748 /* ExpoMap.app */,
			);
			name = Products;
			sourceTree = "<group>";
		};
		DA3C3A531B7EA7770014C748 /* ExpoMap */ = {
			isa = PBXGroup;
			children = (
				DA3C3A561B7EA7770014C748 /* AppDelegate.swift */,
				DA3C3A581B7EA7770014C748 /* ViewController.swift */,
				DACEDE611B7F4D7000DB537E /* MapViewController.swift */,
				DAB15DA91B7F0617009BE8EA /* Classes.swift */,
				DAB15DAB1B7F1123009BE8EA /* Utilities.swift */,
				DA3C3A5A1B7EA7770014C748 /* Main.storyboard */,
				DA3C3A5D1B7EA7770014C748 /* Images.xcassets */,
				DA3C3A5F1B7EA7770014C748 /* LaunchScreen.xib */,
				DA3C3A761B7EA8070014C748 /* Resources */,
				DA3C3A541B7EA7770014C748 /* Supporting Files */,
			);
			path = ExpoMap;
			sourceTree = "<group>";
		};
		DA3C3A541B7EA7770014C748 /* Supporting Files */ = {
			isa = PBXGroup;
			children = (
				DA3C3A551B7EA7770014C748 /* Info.plist */,
			);
			name = "Supporting Files";
			sourceTree = "<group>";
		};
		DA3C3A761B7EA8070014C748 /* Resources */ = {
			isa = PBXGroup;
			children = (
				DAB15DAD1B7F1D8E009BE8EA /* Config.txt */,
				DACEDE631B7FD5D500DB537E /* expo-mapS.png */,
			);
			name = Resources;
			path = ../ExpoMap.xcodeproj;
			sourceTree = "<group>";
		};
/* End PBXGroup section */

/* Begin PBXNativeTarget section */
		DA3C3A501B7EA7770014C748 /* ExpoMap */ = {
			isa = PBXNativeTarget;
			buildConfigurationList = DA3C3A701B7EA7770014C748 /* Build configuration list for PBXNativeTarget "ExpoMap" */;
			buildPhases = (
				DA3C3A4D1B7EA7770014C748 /* Sources */,
				DA3C3A4E1B7EA7770014C748 /* Frameworks */,
				DA3C3A4F1B7EA7770014C748 /* Resources */,
			);
			buildRules = (
			);
			dependencies = (
			);
			name = ExpoMap;
			productName = ExpoMap;
			productReference = DA3C3A511B7EA7770014C748 /* ExpoMap.app */;
			productType = "com.apple.product-type.application";
		};
/* End PBXNativeTarget section */

/* Begin PBXProject section */
		DA3C3A491B7EA7770014C748 /* Project object */ = {
			isa = PBXProject;
			attributes = {
				LastUpgradeCheck = 0640;
				ORGANIZATIONNAME = yurirom;
				TargetAttributes = {
					DA3C3A501B7EA7770014C748 = {
						CreatedOnToolsVersion = 6.4;
						DevelopmentTeam = XKXWN9C2LN;
					};
				};
			};
			buildConfigurationList = DA3C3A4C1B7EA7770014C748 /* Build configuration list for PBXProject "ExpoMap" */;
			compatibilityVersion = "Xcode 3.2";
			developmentRegion = English;
			hasScannedForEncodings = 0;
			knownRegions = (
				en,
				Base,
			);
			mainGroup = DA3C3A481B7EA7770014C748;
			productRefGroup = DA3C3A521B7EA7770014C748 /* Products */;
			projectDirPath = "";
			projectRoot = "";
			targets = (
				DA3C3A501B7EA7770014C748 /* ExpoMap */,
			);
		};
/* End PBXProject section */

/* Begin PBXResourcesBuildPhase section */
		DA3C3A4F1B7EA7770014C748 /* Resources */ = {
			isa = PBXResourcesBuildPhase;
			buildActionMask = 2147483647;
			files = (
				DA3C3A5C1B7EA7770014C748 /* Main.storyboard in Resources */,
				DA3C3A611B7EA7770014C748 /* LaunchScreen.xib in Resources */,
				DAB15DAF1B7F1D8E009BE8EA /* Config.txt in Resources */,
				DACEDE641B7FD5D500DB537E /* expo-mapS.png in Resources */,
				DA3C3A5E1B7EA7770014C748 /* Images.xcassets in Resources */,
			);
			runOnlyForDeploymentPostprocessing = 0;
		};
/* End PBXResourcesBuildPhase section */

/* Begin PBXSourcesBuildPhase section */
		DA3C3A4D1B7EA7770014C748 /* Sources */ = {
			isa = PBXSourcesBuildPhase;
			buildActionMask = 2147483647;
			files = (
				DA3C3A591B7EA7770014C748 /* ViewController.swift in Sources */,
				DA3C3A571B7EA7770014C748 /* AppDelegate.swift in Sources */,
				DAB15DAC1B7F1123009BE8EA /* Utilities.swift in Sources */,
				DACEDE621B7F4D7000DB537E /* MapViewController.swift in Sources */,
				DAB15DAA1B7F0617009BE8EA /* Classes.swift in Sources */,
			);
			runOnlyForDeploymentPostprocessing = 0;
		};
/* End PBXSourcesBuildPhase section */

/* Begin PBXVariantGroup section */
		DA3C3A5A1B7EA7770014C748 /* Main.storyboard */ = {
			isa = PBXVariantGroup;
			children = (
				DA3C3A5B1B7EA7770014C748 /* Base */,
			);
			name = Main.storyboard;
			sourceTree = "<group>";
		};
		DA3C3A5F1B7EA7770014C748 /* LaunchScreen.xib */ = {
			isa = PBXVariantGroup;
			children = (
				DA3C3A601B7EA7770014C748 /* Base */,
			);
			name = LaunchScreen.xib;
			sourceTree = "<group>";
		};
/* End PBXVariantGroup section */

/* Begin XCBuildConfiguration section */
		DA3C3A6E1B7EA7770014C748 /* Debug */ = {
			isa = XCBuildConfiguration;
			buildSettings = {
				ALWAYS_SEARCH_USER_PATHS = NO;
				CLANG_CXX_LANGUAGE_STANDARD = "gnu++0x";
				CLANG_CXX_LIBRARY = "libc++";
				CLANG_ENABLE_MODULES = YES;
				CLANG_ENABLE_OBJC_ARC = YES;
				CLANG_WARN_BOOL_CONVERSION = YES;
				CLANG_WARN_CONSTANT_CONVERSION = YES;
				CLANG_WARN_DIRECT_OBJC_ISA_USAGE = YES_ERROR;
				CLANG_WARN_EMPTY_BODY = YES;
				CLANG_WARN_ENUM_CONVERSION = YES;
				CLANG_WARN_INT_CONVERSION = YES;
				CLANG_WARN_OBJC_ROOT_CLASS = YES_ERROR;
				CLANG_WARN_UNREACHABLE_CODE = YES;
				CLANG_WARN__DUPLICATE_METHOD_MATCH = YES;
				"CODE_SIGN_IDENTITY[sdk=iphoneos*]" = "iPhone Developer";
				COPY_PHASE_STRIP = NO;
				DEBUG_INFORMATION_FORMAT = "dwarf-with-dsym";
				ENABLE_STRICT_OBJC_MSGSEND = YES;
				GCC_C_LANGUAGE_STANDARD = gnu99;
				GCC_DYNAMIC_NO_PIC = NO;
				GCC_NO_COMMON_BLOCKS = YES;
				GCC_OPTIMIZATION_LEVEL = 0;
				GCC_PREPROCESSOR_DEFINITIONS = (
					"DEBUG=1",
					"$(inherited)",
				);
				GCC_SYMBOLS_PRIVATE_EXTERN = NO;
				GCC_WARN_64_TO_32_BIT_CONVERSION = YES;
				GCC_WARN_ABOUT_RETURN_TYPE = YES_ERROR;
				GCC_WARN_UNDECLARED_SELECTOR = YES;
				GCC_WARN_UNINITIALIZED_AUTOS = YES_AGGRESSIVE;
				GCC_WARN_UNUSED_FUNCTION = YES;
				GCC_WARN_UNUSED_VARIABLE = YES;
				IPHONEOS_DEPLOYMENT_TARGET = 8.4;
				MTL_ENABLE_DEBUG_INFO = YES;
				ONLY_ACTIVE_ARCH = YES;
				SDKROOT = iphoneos;
				SWIFT_OPTIMIZATION_LEVEL = "-Onone";
				TARGETED_DEVICE_FAMILY = "1,2";
			};
			name = Debug;
		};
		DA3C3A6F1B7EA7770014C748 /* Release */ = {
			isa = XCBuildConfiguration;
			buildSettings = {
				ALWAYS_SEARCH_USER_PATHS = NO;
				CLANG_CXX_LANGUAGE_STANDARD = "gnu++0x";
				CLANG_CXX_LIBRARY = "libc++";
				CLANG_ENABLE_MODULES = YES;
				CLANG_ENABLE_OBJC_ARC = YES;
				CLANG_WARN_BOOL_CONVERSION = YES;
				CLANG_WARN_CONSTANT_CONVERSION = YES;
				CLANG_WARN_DIRECT_OBJC_ISA_USAGE = YES_ERROR;
				CLANG_WARN_EMPTY_BODY = YES;
				CLANG_WARN_ENUM_CONVERSION = YES;
				CLANG_WARN_INT_CONVERSION = YES;
				CLANG_WARN_OBJC_ROOT_CLASS = YES_ERROR;
				CLANG_WARN_UNREACHABLE_CODE = YES;
				CLANG_WARN__DUPLICATE_METHOD_MATCH = YES;
				"CODE_SIGN_IDENTITY[sdk=iphoneos*]" = "iPhone Developer";
				COPY_PHASE_STRIP = NO;
				DEBUG_INFORMATION_FORMAT = "dwarf-with-dsym";
				ENABLE_NS_ASSERTIONS = NO;
				ENABLE_STRICT_OBJC_MSGSEND = YES;
				GCC_C_LANGUAGE_STANDARD = gnu99;
				GCC_NO_COMMON_BLOCKS = YES;
				GCC_WARN_64_TO_32_BIT_CONVERSION = YES;
				GCC_WARN_ABOUT_RETURN_TYPE = YES_ERROR;
				GCC_WARN_UNDECLARED_SELECTOR = YES;
				GCC_WARN_UNINITIALIZED_AUTOS = YES_AGGRESSIVE;
				GCC_WARN_UNUSED_FUNCTION = YES;
				GCC_WARN_UNUSED_VARIABLE = YES;
				IPHONEOS_DEPLOYMENT_TARGET = 8.4;
				MTL_ENABLE_DEBUG_INFO = NO;
				SDKROOT = iphoneos;
				TARGETED_DEVICE_FAMILY = "1,2";
				VALIDATE_PRODUCT = YES;
			};
			name = Release;
		};
		DA3C3A711B7EA7770014C748 /* Debug */ = {
			isa = XCBuildConfiguration;
			buildSettings = {
				ASSETCATALOG_COMPILER_APPICON_NAME = AppIcon;
				CODE_SIGN_IDENTITY = "iPhone Developer";
				INFOPLIST_FILE = ExpoMap/Info.plist;
				LD_RUNPATH_SEARCH_PATHS = "$(inherited) @executable_path/Frameworks";
				PRODUCT_NAME = "$(TARGET_NAME)";
			};
			name = Debug;
		};
		DA3C3A721B7EA7770014C748 /* Release */ = {
			isa = XCBuildConfiguration;
			buildSettings = {
				ASSETCATALOG_COMPILER_APPICON_NAME = AppIcon;
				CODE_SIGN_IDENTITY = "iPhone Developer";
				INFOPLIST_FILE = ExpoMap/Info.plist;
				LD_RUNPATH_SEARCH_PATHS = "$(inherited) @executable_path/Frameworks";
				PRODUCT_NAME = "$(TARGET_NAME)";
			};
			name = Release;
		};
/* End XCBuildConfiguration section */

/* Begin XCConfigurationList section */
		DA3C3A4C1B7EA7770014C748 /* Build configuration list for PBXProject "ExpoMap" */ = {
			isa = XCConfigurationList;
			buildConfigurations = (
				DA3C3A6E1B7EA7770014C748 /* Debug */,
				DA3C3A6F1B7EA7770014C748 /* Release */,
			);
			defaultConfigurationIsVisible = 0;
			defaultConfigurationName = Release;
		};
		DA3C3A701B7EA7770014C748 /* Build configuration list for PBXNativeTarget "ExpoMap" */ = {
			isa = XCConfigurationList;
			buildConfigurations = (
				DA3C3A711B7EA7770014C748 /* Debug */,
				DA3C3A721B7EA7770014C748 /* Release */,
			);
			defaultConfigurationIsVisible = 0;
			defaultConfigurationName = Release;
		};
/* End XCConfigurationList section */
	};
	rootObject = DA3C3A491B7EA7770014C748 /* Project object */;
}
